
Microsoft Visual Studio Solution File, Format Version 12.00
# Visual Studio Version 16
VisualStudioVersion = 16.0.33027.164
MinimumVisualStudioVersion = 10.0.40219.1
Project("{FAE04EC0-301F-11D3-BF4B-00C04F79EFBC}") = "CoMuteProject", "CoMuteProject\CoMuteProject.csproj", "{98136EB9-FBED-40AF-996F-CAA3DBBD35E7}"
EndProject
Global
	GlobalSection(SolutionConfigurationPlatforms) = preSolution
		Debug|Any CPU = Debug|Any CPU
		Release|Any CPU = Release|Any CPU
	EndGlobalSection
	GlobalSection(ProjectConfigurationPlatforms) = postSolution
		{98136EB9-FBED-40AF-996F-CAA3DBBD35E7}.Debug|Any CPU.ActiveCfg = Debug|Any CPU
		{98136EB9-FBED-40AF-996F-CAA3DBBD35E7}.Debug|Any CPU.Build.0 = Debug|Any CPU
		{98136EB9-FBED-40AF-996F-CAA3DBBD35E7}.Release|Any CPU.ActiveCfg = Release|Any CPU
		{98136EB9-FBED-40AF-996F-CAA3DBBD35E7}.Release|Any CPU.Build.0 = Release|Any CPU
	EndGlobalSection
	GlobalSection(SolutionProperties) = preSolution
		HideSolutionNode = FALSE
	EndGlobalSection
	GlobalSection(ExtensibilityGlobals) = postSolution
		SolutionGuid = {6C521F59-5913-4527-B69C-90552E989FE3}
	EndGlobalSection
EndGlobal
