
Microsoft Visual Studio Solution File, Format Version 12.00
# Visual Studio Version 17
VisualStudioVersion = 17.1.32319.34
MinimumVisualStudioVersion = 10.0.40219.1
Project("{FAE04EC0-301F-11D3-BF4B-00C04F79EFBC}") = "comute", "comute\comute.csproj", "{C6281CC3-78A2-4C73-8130-25648EDA8E72}"
EndProject
Project("{FAE04EC0-301F-11D3-BF4B-00C04F79EFBC}") = "comute.client", "comute.client\comute.client.csproj", "{0C2D6ADE-B97E-4E0D-9F6B-18899A859AF0}"
EndProject
Global
	GlobalSection(SolutionConfigurationPlatforms) = preSolution
		Debug|Any CPU = Debug|Any CPU
		Release|Any CPU = Release|Any CPU
	EndGlobalSection
	GlobalSection(ProjectConfigurationPlatforms) = postSolution
		{C6281CC3-78A2-4C73-8130-25648EDA8E72}.Debug|Any CPU.ActiveCfg = Debug|Any CPU
		{C6281CC3-78A2-4C73-8130-25648EDA8E72}.Debug|Any CPU.Build.0 = Debug|Any CPU
		{C6281CC3-78A2-4C73-8130-25648EDA8E72}.Release|Any CPU.ActiveCfg = Release|Any CPU
		{C6281CC3-78A2-4C73-8130-25648EDA8E72}.Release|Any CPU.Build.0 = Release|Any CPU
		{0C2D6ADE-B97E-4E0D-9F6B-18899A859AF0}.Debug|Any CPU.ActiveCfg = Debug|Any CPU
		{0C2D6ADE-B97E-4E0D-9F6B-18899A859AF0}.Debug|Any CPU.Build.0 = Debug|Any CPU
		{0C2D6ADE-B97E-4E0D-9F6B-18899A859AF0}.Release|Any CPU.ActiveCfg = Release|Any CPU
		{0C2D6ADE-B97E-4E0D-9F6B-18899A859AF0}.Release|Any CPU.Build.0 = Release|Any CPU
	EndGlobalSection
	GlobalSection(SolutionProperties) = preSolution
		HideSolutionNode = FALSE
	EndGlobalSection
	GlobalSection(ExtensibilityGlobals) = postSolution
		SolutionGuid = {2FF9DBD5-6BAC-40D2-9703-2F88EEB5C3A3}
	EndGlobalSection
EndGlobal
